
Microsoft Visual Studio Solution File, Format Version 12.00
# Visual Studio 15
VisualStudioVersion = 15.0.28307.421
MinimumVisualStudioVersion = 10.0.40219.1
Project("{FAE04EC0-301F-11D3-BF4B-00C04F79EFBC}") = "P10-TopNumber", "P10-TopNumber\P10-TopNumber.csproj", "{DD038B64-7B66-4DB6-9B88-4587C743C54D}"
EndProject
Global
	GlobalSection(SolutionConfigurationPlatforms) = preSolution
		Debug|Any CPU = Debug|Any CPU
		Release|Any CPU = Release|Any CPU
	EndGlobalSection
	GlobalSection(ProjectConfigurationPlatforms) = postSolution
		{DD038B64-7B66-4DB6-9B88-4587C743C54D}.Debug|Any CPU.ActiveCfg = Debug|Any CPU
		{DD038B64-7B66-4DB6-9B88-4587C743C54D}.Debug|Any CPU.Build.0 = Debug|Any CPU
		{DD038B64-7B66-4DB6-9B88-4587C743C54D}.Release|Any CPU.ActiveCfg = Release|Any CPU
		{DD038B64-7B66-4DB6-9B88-4587C743C54D}.Release|Any CPU.Build.0 = Release|Any CPU
	EndGlobalSection
	GlobalSection(SolutionProperties) = preSolution
		HideSolutionNode = FALSE
	EndGlobalSection
	GlobalSection(ExtensibilityGlobals) = postSolution
		SolutionGuid = {7DDE813D-48D1-471F-92EE-D14130BCF5A5}
	EndGlobalSection
EndGlobal
