
Microsoft Visual Studio Solution File, Format Version 12.00
# Visual Studio 15
VisualStudioVersion = 15.0.28010.2046
MinimumVisualStudioVersion = 10.0.40219.1
Project("{FAE04EC0-301F-11D3-BF4B-00C04F79EFBC}") = "Softuni-Course-Planning", "Softuni-Course-Planning\Softuni-Course-Planning.csproj", "{0CB24608-D636-4970-80C6-F1CA90C05F22}"
EndProject
Global
	GlobalSection(SolutionConfigurationPlatforms) = preSolution
		Debug|Any CPU = Debug|Any CPU
		Release|Any CPU = Release|Any CPU
	EndGlobalSection
	GlobalSection(ProjectConfigurationPlatforms) = postSolution
		{0CB24608-D636-4970-80C6-F1CA90C05F22}.Debug|Any CPU.ActiveCfg = Debug|Any CPU
		{0CB24608-D636-4970-80C6-F1CA90C05F22}.Debug|Any CPU.Build.0 = Debug|Any CPU
		{0CB24608-D636-4970-80C6-F1CA90C05F22}.Release|Any CPU.ActiveCfg = Release|Any CPU
		{0CB24608-D636-4970-80C6-F1CA90C05F22}.Release|Any CPU.Build.0 = Release|Any CPU
	EndGlobalSection
	GlobalSection(SolutionProperties) = preSolution
		HideSolutionNode = FALSE
	EndGlobalSection
	GlobalSection(ExtensibilityGlobals) = postSolution
		SolutionGuid = {F117E6F8-ED39-46F4-AAEE-B0E1BF36BB6B}
	EndGlobalSection
EndGlobal
