
Microsoft Visual Studio Solution File, Format Version 12.00
# Visual Studio 15
VisualStudioVersion = 15.0.28010.2046
MinimumVisualStudioVersion = 10.0.40219.1
Project("{FAE04EC0-301F-11D3-BF4B-00C04F79EFBC}") = "Vehicle-Catalogue", "Vehicle-Catalogue\Vehicle-Catalogue.csproj", "{8073BE6B-6F87-49A7-8837-4096EC02FCA8}"
EndProject
Global
	GlobalSection(SolutionConfigurationPlatforms) = preSolution
		Debug|Any CPU = Debug|Any CPU
		Release|Any CPU = Release|Any CPU
	EndGlobalSection
	GlobalSection(ProjectConfigurationPlatforms) = postSolution
		{8073BE6B-6F87-49A7-8837-4096EC02FCA8}.Debug|Any CPU.ActiveCfg = Debug|Any CPU
		{8073BE6B-6F87-49A7-8837-4096EC02FCA8}.Debug|Any CPU.Build.0 = Debug|Any CPU
		{8073BE6B-6F87-49A7-8837-4096EC02FCA8}.Release|Any CPU.ActiveCfg = Release|Any CPU
		{8073BE6B-6F87-49A7-8837-4096EC02FCA8}.Release|Any CPU.Build.0 = Release|Any CPU
	EndGlobalSection
	GlobalSection(SolutionProperties) = preSolution
		HideSolutionNode = FALSE
	EndGlobalSection
	GlobalSection(ExtensibilityGlobals) = postSolution
		SolutionGuid = {6D73981D-8C54-4C03-88DE-D5BB4E06999B}
	EndGlobalSection
EndGlobal
