
Microsoft Visual Studio Solution File, Format Version 12.00
# Visual Studio 15
VisualStudioVersion = 15.0.28307.421
MinimumVisualStudioVersion = 10.0.40219.1
Project("{FAE04EC0-301F-11D3-BF4B-00C04F79EFBC}") = "P07-StoreBoxes", "P07-StoreBoxes\P07-StoreBoxes.csproj", "{77F18C58-470A-4FD1-A7BD-757CC5A4A028}"
EndProject
Global
	GlobalSection(SolutionConfigurationPlatforms) = preSolution
		Debug|Any CPU = Debug|Any CPU
		Release|Any CPU = Release|Any CPU
	EndGlobalSection
	GlobalSection(ProjectConfigurationPlatforms) = postSolution
		{77F18C58-470A-4FD1-A7BD-757CC5A4A028}.Debug|Any CPU.ActiveCfg = Debug|Any CPU
		{77F18C58-470A-4FD1-A7BD-757CC5A4A028}.Debug|Any CPU.Build.0 = Debug|Any CPU
		{77F18C58-470A-4FD1-A7BD-757CC5A4A028}.Release|Any CPU.ActiveCfg = Release|Any CPU
		{77F18C58-470A-4FD1-A7BD-757CC5A4A028}.Release|Any CPU.Build.0 = Release|Any CPU
	EndGlobalSection
	GlobalSection(SolutionProperties) = preSolution
		HideSolutionNode = FALSE
	EndGlobalSection
	GlobalSection(ExtensibilityGlobals) = postSolution
		SolutionGuid = {71D31EAF-D0A3-4CCB-8124-D044CE5F1DF1}
	EndGlobalSection
EndGlobal
