
Microsoft Visual Studio Solution File, Format Version 12.00
# Visual Studio 15
VisualStudioVersion = 15.0.28010.2046
MinimumVisualStudioVersion = 10.0.40219.1
Project("{FAE04EC0-301F-11D3-BF4B-00C04F79EFBC}") = "Rage-Quit", "Rage-Quit\Rage-Quit.csproj", "{3BA504CD-9D99-48B8-B799-11EC556E8EA8}"
EndProject
Global
	GlobalSection(SolutionConfigurationPlatforms) = preSolution
		Debug|Any CPU = Debug|Any CPU
		Release|Any CPU = Release|Any CPU
	EndGlobalSection
	GlobalSection(ProjectConfigurationPlatforms) = postSolution
		{3BA504CD-9D99-48B8-B799-11EC556E8EA8}.Debug|Any CPU.ActiveCfg = Debug|Any CPU
		{3BA504CD-9D99-48B8-B799-11EC556E8EA8}.Debug|Any CPU.Build.0 = Debug|Any CPU
		{3BA504CD-9D99-48B8-B799-11EC556E8EA8}.Release|Any CPU.ActiveCfg = Release|Any CPU
		{3BA504CD-9D99-48B8-B799-11EC556E8EA8}.Release|Any CPU.Build.0 = Release|Any CPU
	EndGlobalSection
	GlobalSection(SolutionProperties) = preSolution
		HideSolutionNode = FALSE
	EndGlobalSection
	GlobalSection(ExtensibilityGlobals) = postSolution
		SolutionGuid = {5E4C614E-7EA1-455A-A002-F8BBAC96BD61}
	EndGlobalSection
EndGlobal
