
Microsoft Visual Studio Solution File, Format Version 12.00
# Visual Studio 15
VisualStudioVersion = 15.0.28307.421
MinimumVisualStudioVersion = 10.0.40219.1
Project("{FAE04EC0-301F-11D3-BF4B-00C04F79EFBC}") = "P08-GreaterOfTwoValues", "P08-GreaterOfTwoValues\P08-GreaterOfTwoValues.csproj", "{28661521-5C8A-42A3-8D90-91ACD463EACC}"
EndProject
Global
	GlobalSection(SolutionConfigurationPlatforms) = preSolution
		Debug|Any CPU = Debug|Any CPU
		Release|Any CPU = Release|Any CPU
	EndGlobalSection
	GlobalSection(ProjectConfigurationPlatforms) = postSolution
		{28661521-5C8A-42A3-8D90-91ACD463EACC}.Debug|Any CPU.ActiveCfg = Debug|Any CPU
		{28661521-5C8A-42A3-8D90-91ACD463EACC}.Debug|Any CPU.Build.0 = Debug|Any CPU
		{28661521-5C8A-42A3-8D90-91ACD463EACC}.Release|Any CPU.ActiveCfg = Release|Any CPU
		{28661521-5C8A-42A3-8D90-91ACD463EACC}.Release|Any CPU.Build.0 = Release|Any CPU
	EndGlobalSection
	GlobalSection(SolutionProperties) = preSolution
		HideSolutionNode = FALSE
	EndGlobalSection
	GlobalSection(ExtensibilityGlobals) = postSolution
		SolutionGuid = {BBF16770-0179-41C4-9EC0-22DE7FCD2B63}
	EndGlobalSection
EndGlobal
