
Microsoft Visual Studio Solution File, Format Version 12.00
# Visual Studio 15
VisualStudioVersion = 15.0.28307.421
MinimumVisualStudioVersion = 10.0.40219.1
Project("{FAE04EC0-301F-11D3-BF4B-00C04F79EFBC}") = "P03-Vacation", "P03-Vacation\P03-Vacation.csproj", "{C5FB2C73-0F92-42A9-8C76-6C75CC549368}"
EndProject
Global
	GlobalSection(SolutionConfigurationPlatforms) = preSolution
		Debug|Any CPU = Debug|Any CPU
		Release|Any CPU = Release|Any CPU
	EndGlobalSection
	GlobalSection(ProjectConfigurationPlatforms) = postSolution
		{C5FB2C73-0F92-42A9-8C76-6C75CC549368}.Debug|Any CPU.ActiveCfg = Debug|Any CPU
		{C5FB2C73-0F92-42A9-8C76-6C75CC549368}.Debug|Any CPU.Build.0 = Debug|Any CPU
		{C5FB2C73-0F92-42A9-8C76-6C75CC549368}.Release|Any CPU.ActiveCfg = Release|Any CPU
		{C5FB2C73-0F92-42A9-8C76-6C75CC549368}.Release|Any CPU.Build.0 = Release|Any CPU
	EndGlobalSection
	GlobalSection(SolutionProperties) = preSolution
		HideSolutionNode = FALSE
	EndGlobalSection
	GlobalSection(ExtensibilityGlobals) = postSolution
		SolutionGuid = {549745F7-7296-4774-BC15-1E49FB478146}
	EndGlobalSection
EndGlobal
