
Microsoft Visual Studio Solution File, Format Version 12.00
# Visual Studio 15
VisualStudioVersion = 15.0.28307.421
MinimumVisualStudioVersion = 10.0.40219.1
Project("{FAE04EC0-301F-11D3-BF4B-00C04F79EFBC}") = "P04-LargestThreeNumbers", "P04-LargestThreeNumbers\P04-LargestThreeNumbers.csproj", "{D70D625E-3E34-434A-B748-EE225B210428}"
EndProject
Global
	GlobalSection(SolutionConfigurationPlatforms) = preSolution
		Debug|Any CPU = Debug|Any CPU
		Release|Any CPU = Release|Any CPU
	EndGlobalSection
	GlobalSection(ProjectConfigurationPlatforms) = postSolution
		{D70D625E-3E34-434A-B748-EE225B210428}.Debug|Any CPU.ActiveCfg = Debug|Any CPU
		{D70D625E-3E34-434A-B748-EE225B210428}.Debug|Any CPU.Build.0 = Debug|Any CPU
		{D70D625E-3E34-434A-B748-EE225B210428}.Release|Any CPU.ActiveCfg = Release|Any CPU
		{D70D625E-3E34-434A-B748-EE225B210428}.Release|Any CPU.Build.0 = Release|Any CPU
	EndGlobalSection
	GlobalSection(SolutionProperties) = preSolution
		HideSolutionNode = FALSE
	EndGlobalSection
	GlobalSection(ExtensibilityGlobals) = postSolution
		SolutionGuid = {CCC76629-8676-4381-A9FA-F974FE31BCB6}
	EndGlobalSection
EndGlobal
