
Microsoft Visual Studio Solution File, Format Version 12.00
# Visual Studio 15
VisualStudioVersion = 15.0.28010.2046
MinimumVisualStudioVersion = 10.0.40219.1
Project("{FAE04EC0-301F-11D3-BF4B-00C04F79EFBC}") = "Max-Sequence-Of-Equal-Elements", "Max-Sequence-Of-Equal-Elements\Max-Sequence-Of-Equal-Elements.csproj", "{975AD473-7E8A-45EF-98AE-04DAB073607F}"
EndProject
Global
	GlobalSection(SolutionConfigurationPlatforms) = preSolution
		Debug|Any CPU = Debug|Any CPU
		Release|Any CPU = Release|Any CPU
	EndGlobalSection
	GlobalSection(ProjectConfigurationPlatforms) = postSolution
		{975AD473-7E8A-45EF-98AE-04DAB073607F}.Debug|Any CPU.ActiveCfg = Debug|Any CPU
		{975AD473-7E8A-45EF-98AE-04DAB073607F}.Debug|Any CPU.Build.0 = Debug|Any CPU
		{975AD473-7E8A-45EF-98AE-04DAB073607F}.Release|Any CPU.ActiveCfg = Release|Any CPU
		{975AD473-7E8A-45EF-98AE-04DAB073607F}.Release|Any CPU.Build.0 = Release|Any CPU
	EndGlobalSection
	GlobalSection(SolutionProperties) = preSolution
		HideSolutionNode = FALSE
	EndGlobalSection
	GlobalSection(ExtensibilityGlobals) = postSolution
		SolutionGuid = {9CF47AAA-9C7F-4CFE-A666-F173C4430334}
	EndGlobalSection
EndGlobal
