
Microsoft Visual Studio Solution File, Format Version 12.00
# Visual Studio 15
VisualStudioVersion = 15.0.28307.421
MinimumVisualStudioVersion = 10.0.40219.1
Project("{FAE04EC0-301F-11D3-BF4B-00C04F79EFBC}") = "Articles2.0", "Articles2.0\Articles2.0.csproj", "{3EC62D22-0DCA-451A-AE61-6F84F3AE3960}"
EndProject
Global
	GlobalSection(SolutionConfigurationPlatforms) = preSolution
		Debug|Any CPU = Debug|Any CPU
		Release|Any CPU = Release|Any CPU
	EndGlobalSection
	GlobalSection(ProjectConfigurationPlatforms) = postSolution
		{3EC62D22-0DCA-451A-AE61-6F84F3AE3960}.Debug|Any CPU.ActiveCfg = Debug|Any CPU
		{3EC62D22-0DCA-451A-AE61-6F84F3AE3960}.Debug|Any CPU.Build.0 = Debug|Any CPU
		{3EC62D22-0DCA-451A-AE61-6F84F3AE3960}.Release|Any CPU.ActiveCfg = Release|Any CPU
		{3EC62D22-0DCA-451A-AE61-6F84F3AE3960}.Release|Any CPU.Build.0 = Release|Any CPU
	EndGlobalSection
	GlobalSection(SolutionProperties) = preSolution
		HideSolutionNode = FALSE
	EndGlobalSection
	GlobalSection(ExtensibilityGlobals) = postSolution
		SolutionGuid = {F061B205-640E-45A9-BD49-A4345DD9EFF0}
	EndGlobalSection
EndGlobal
