
Microsoft Visual Studio Solution File, Format Version 12.00
# Visual Studio 15
VisualStudioVersion = 15.0.28010.2046
MinimumVisualStudioVersion = 10.0.40219.1
Project("{FAE04EC0-301F-11D3-BF4B-00C04F79EFBC}") = "Equal-Sum", "Equal-Sum\Equal-Sum.csproj", "{28C09DA6-E277-4D84-92C5-68065EEDCCFE}"
EndProject
Global
	GlobalSection(SolutionConfigurationPlatforms) = preSolution
		Debug|Any CPU = Debug|Any CPU
		Release|Any CPU = Release|Any CPU
	EndGlobalSection
	GlobalSection(ProjectConfigurationPlatforms) = postSolution
		{28C09DA6-E277-4D84-92C5-68065EEDCCFE}.Debug|Any CPU.ActiveCfg = Debug|Any CPU
		{28C09DA6-E277-4D84-92C5-68065EEDCCFE}.Debug|Any CPU.Build.0 = Debug|Any CPU
		{28C09DA6-E277-4D84-92C5-68065EEDCCFE}.Release|Any CPU.ActiveCfg = Release|Any CPU
		{28C09DA6-E277-4D84-92C5-68065EEDCCFE}.Release|Any CPU.Build.0 = Release|Any CPU
	EndGlobalSection
	GlobalSection(SolutionProperties) = preSolution
		HideSolutionNode = FALSE
	EndGlobalSection
	GlobalSection(ExtensibilityGlobals) = postSolution
		SolutionGuid = {25987DF8-0C8D-47FB-9A64-82334896978B}
	EndGlobalSection
EndGlobal
