
Microsoft Visual Studio Solution File, Format Version 12.00
# Visual Studio 15
VisualStudioVersion = 15.0.28307.421
MinimumVisualStudioVersion = 10.0.40219.1
Project("{FAE04EC0-301F-11D3-BF4B-00C04F79EFBC}") = "P06-SpecialNumbers", "P06-SpecialNumbers\P06-SpecialNumbers.csproj", "{FC693E80-E6A7-4447-A4A3-D44084AD6F43}"
EndProject
Global
	GlobalSection(SolutionConfigurationPlatforms) = preSolution
		Debug|Any CPU = Debug|Any CPU
		Release|Any CPU = Release|Any CPU
	EndGlobalSection
	GlobalSection(ProjectConfigurationPlatforms) = postSolution
		{FC693E80-E6A7-4447-A4A3-D44084AD6F43}.Debug|Any CPU.ActiveCfg = Debug|Any CPU
		{FC693E80-E6A7-4447-A4A3-D44084AD6F43}.Debug|Any CPU.Build.0 = Debug|Any CPU
		{FC693E80-E6A7-4447-A4A3-D44084AD6F43}.Release|Any CPU.ActiveCfg = Release|Any CPU
		{FC693E80-E6A7-4447-A4A3-D44084AD6F43}.Release|Any CPU.Build.0 = Release|Any CPU
	EndGlobalSection
	GlobalSection(SolutionProperties) = preSolution
		HideSolutionNode = FALSE
	EndGlobalSection
	GlobalSection(ExtensibilityGlobals) = postSolution
		SolutionGuid = {1B96EAD3-C27E-41BA-B15A-243584DA04A8}
	EndGlobalSection
EndGlobal
