
Microsoft Visual Studio Solution File, Format Version 12.00
# Visual Studio 15
VisualStudioVersion = 15.0.28307.421
MinimumVisualStudioVersion = 10.0.40219.1
Project("{FAE04EC0-301F-11D3-BF4B-00C04F79EFBC}") = "P06-ReversedChars", "P06-ReversedChars\P06-ReversedChars.csproj", "{16457513-4C68-45C4-84B5-040B01AE33FB}"
EndProject
Global
	GlobalSection(SolutionConfigurationPlatforms) = preSolution
		Debug|Any CPU = Debug|Any CPU
		Release|Any CPU = Release|Any CPU
	EndGlobalSection
	GlobalSection(ProjectConfigurationPlatforms) = postSolution
		{16457513-4C68-45C4-84B5-040B01AE33FB}.Debug|Any CPU.ActiveCfg = Debug|Any CPU
		{16457513-4C68-45C4-84B5-040B01AE33FB}.Debug|Any CPU.Build.0 = Debug|Any CPU
		{16457513-4C68-45C4-84B5-040B01AE33FB}.Release|Any CPU.ActiveCfg = Release|Any CPU
		{16457513-4C68-45C4-84B5-040B01AE33FB}.Release|Any CPU.Build.0 = Release|Any CPU
	EndGlobalSection
	GlobalSection(SolutionProperties) = preSolution
		HideSolutionNode = FALSE
	EndGlobalSection
	GlobalSection(ExtensibilityGlobals) = postSolution
		SolutionGuid = {1A783BB9-4C79-4C89-8570-D39032532D77}
	EndGlobalSection
EndGlobal
