
Microsoft Visual Studio Solution File, Format Version 12.00
# Visual Studio 15
VisualStudioVersion = 15.0.28307.421
MinimumVisualStudioVersion = 10.0.40219.1
Project("{FAE04EC0-301F-11D3-BF4B-00C04F79EFBC}") = "MultiplyBigNumber", "MultiplyBigNumber\MultiplyBigNumber.csproj", "{71EEF6BB-675A-4BC7-8B91-1A8CF4EB0390}"
EndProject
Global
	GlobalSection(SolutionConfigurationPlatforms) = preSolution
		Debug|Any CPU = Debug|Any CPU
		Release|Any CPU = Release|Any CPU
	EndGlobalSection
	GlobalSection(ProjectConfigurationPlatforms) = postSolution
		{71EEF6BB-675A-4BC7-8B91-1A8CF4EB0390}.Debug|Any CPU.ActiveCfg = Debug|Any CPU
		{71EEF6BB-675A-4BC7-8B91-1A8CF4EB0390}.Debug|Any CPU.Build.0 = Debug|Any CPU
		{71EEF6BB-675A-4BC7-8B91-1A8CF4EB0390}.Release|Any CPU.ActiveCfg = Release|Any CPU
		{71EEF6BB-675A-4BC7-8B91-1A8CF4EB0390}.Release|Any CPU.Build.0 = Release|Any CPU
	EndGlobalSection
	GlobalSection(SolutionProperties) = preSolution
		HideSolutionNode = FALSE
	EndGlobalSection
	GlobalSection(ExtensibilityGlobals) = postSolution
		SolutionGuid = {4D7AFB7A-1805-48B8-906F-2A572F916042}
	EndGlobalSection
EndGlobal
