
Microsoft Visual Studio Solution File, Format Version 12.00
# Visual Studio 15
VisualStudioVersion = 15.0.28307.421
MinimumVisualStudioVersion = 10.0.40219.1
Project("{FAE04EC0-301F-11D3-BF4B-00C04F79EFBC}") = "P03-ExchangeIntegers", "P03-ExchangeIntegers\P03-ExchangeIntegers.csproj", "{5DD96A69-441C-46B0-B2EF-EAADC36EBBB5}"
EndProject
Global
	GlobalSection(SolutionConfigurationPlatforms) = preSolution
		Debug|Any CPU = Debug|Any CPU
		Release|Any CPU = Release|Any CPU
	EndGlobalSection
	GlobalSection(ProjectConfigurationPlatforms) = postSolution
		{5DD96A69-441C-46B0-B2EF-EAADC36EBBB5}.Debug|Any CPU.ActiveCfg = Debug|Any CPU
		{5DD96A69-441C-46B0-B2EF-EAADC36EBBB5}.Debug|Any CPU.Build.0 = Debug|Any CPU
		{5DD96A69-441C-46B0-B2EF-EAADC36EBBB5}.Release|Any CPU.ActiveCfg = Release|Any CPU
		{5DD96A69-441C-46B0-B2EF-EAADC36EBBB5}.Release|Any CPU.Build.0 = Release|Any CPU
	EndGlobalSection
	GlobalSection(SolutionProperties) = preSolution
		HideSolutionNode = FALSE
	EndGlobalSection
	GlobalSection(ExtensibilityGlobals) = postSolution
		SolutionGuid = {4D7C122C-6B77-4CAA-93AE-9738A161D272}
	EndGlobalSection
EndGlobal
