
Microsoft Visual Studio Solution File, Format Version 12.00
# Visual Studio 15
VisualStudioVersion = 15.0.28010.2046
MinimumVisualStudioVersion = 10.0.40219.1
Project("{FAE04EC0-301F-11D3-BF4B-00C04F79EFBC}") = "Courses", "Courses\Courses.csproj", "{9211E695-DB4C-4312-B096-D4EB7925E23D}"
EndProject
Global
	GlobalSection(SolutionConfigurationPlatforms) = preSolution
		Debug|Any CPU = Debug|Any CPU
		Release|Any CPU = Release|Any CPU
	EndGlobalSection
	GlobalSection(ProjectConfigurationPlatforms) = postSolution
		{9211E695-DB4C-4312-B096-D4EB7925E23D}.Debug|Any CPU.ActiveCfg = Debug|Any CPU
		{9211E695-DB4C-4312-B096-D4EB7925E23D}.Debug|Any CPU.Build.0 = Debug|Any CPU
		{9211E695-DB4C-4312-B096-D4EB7925E23D}.Release|Any CPU.ActiveCfg = Release|Any CPU
		{9211E695-DB4C-4312-B096-D4EB7925E23D}.Release|Any CPU.Build.0 = Release|Any CPU
	EndGlobalSection
	GlobalSection(SolutionProperties) = preSolution
		HideSolutionNode = FALSE
	EndGlobalSection
	GlobalSection(ExtensibilityGlobals) = postSolution
		SolutionGuid = {1C2B48EB-4C47-4D6F-9579-8EF3FBC14757}
	EndGlobalSection
EndGlobal
