
Microsoft Visual Studio Solution File, Format Version 12.00
# Visual Studio 15
VisualStudioVersion = 15.0.28307.421
MinimumVisualStudioVersion = 10.0.40219.1
Project("{FAE04EC0-301F-11D3-BF4B-00C04F79EFBC}") = "P12_EvenNumber", "P12_EvenNumber\P12_EvenNumber.csproj", "{A81D23C4-5FF2-40CA-9BB8-EA93772FFCAC}"
EndProject
Global
	GlobalSection(SolutionConfigurationPlatforms) = preSolution
		Debug|Any CPU = Debug|Any CPU
		Release|Any CPU = Release|Any CPU
	EndGlobalSection
	GlobalSection(ProjectConfigurationPlatforms) = postSolution
		{A81D23C4-5FF2-40CA-9BB8-EA93772FFCAC}.Debug|Any CPU.ActiveCfg = Debug|Any CPU
		{A81D23C4-5FF2-40CA-9BB8-EA93772FFCAC}.Debug|Any CPU.Build.0 = Debug|Any CPU
		{A81D23C4-5FF2-40CA-9BB8-EA93772FFCAC}.Release|Any CPU.ActiveCfg = Release|Any CPU
		{A81D23C4-5FF2-40CA-9BB8-EA93772FFCAC}.Release|Any CPU.Build.0 = Release|Any CPU
	EndGlobalSection
	GlobalSection(SolutionProperties) = preSolution
		HideSolutionNode = FALSE
	EndGlobalSection
	GlobalSection(ExtensibilityGlobals) = postSolution
		SolutionGuid = {8E9527AF-070F-4069-8270-B0A8FEE85F3A}
	EndGlobalSection
EndGlobal
