
Microsoft Visual Studio Solution File, Format Version 12.00
# Visual Studio 15
VisualStudioVersion = 15.0.28307.421
MinimumVisualStudioVersion = 10.0.40219.1
Project("{FAE04EC0-301F-11D3-BF4B-00C04F79EFBC}") = "ListOperations", "ListOperations\ListOperations.csproj", "{BCF032D2-CB10-46EA-BAC3-683619D61BA4}"
EndProject
Global
	GlobalSection(SolutionConfigurationPlatforms) = preSolution
		Debug|Any CPU = Debug|Any CPU
		Release|Any CPU = Release|Any CPU
	EndGlobalSection
	GlobalSection(ProjectConfigurationPlatforms) = postSolution
		{BCF032D2-CB10-46EA-BAC3-683619D61BA4}.Debug|Any CPU.ActiveCfg = Debug|Any CPU
		{BCF032D2-CB10-46EA-BAC3-683619D61BA4}.Debug|Any CPU.Build.0 = Debug|Any CPU
		{BCF032D2-CB10-46EA-BAC3-683619D61BA4}.Release|Any CPU.ActiveCfg = Release|Any CPU
		{BCF032D2-CB10-46EA-BAC3-683619D61BA4}.Release|Any CPU.Build.0 = Release|Any CPU
	EndGlobalSection
	GlobalSection(SolutionProperties) = preSolution
		HideSolutionNode = FALSE
	EndGlobalSection
	GlobalSection(ExtensibilityGlobals) = postSolution
		SolutionGuid = {9E659AE7-FA6D-4CE1-A03C-1BB1D638D313}
	EndGlobalSection
EndGlobal
