
Microsoft Visual Studio Solution File, Format Version 12.00
# Visual Studio 15
VisualStudioVersion = 15.0.28307.421
MinimumVisualStudioVersion = 10.0.40219.1
Project("{FAE04EC0-301F-11D3-BF4B-00C04F79EFBC}") = "P04-MorseCodeTranslator", "P04-MorseCodeTranslator\P04-MorseCodeTranslator.csproj", "{478D577D-C2BF-41A8-9BC2-1002D6861D4C}"
EndProject
Global
	GlobalSection(SolutionConfigurationPlatforms) = preSolution
		Debug|Any CPU = Debug|Any CPU
		Release|Any CPU = Release|Any CPU
	EndGlobalSection
	GlobalSection(ProjectConfigurationPlatforms) = postSolution
		{478D577D-C2BF-41A8-9BC2-1002D6861D4C}.Debug|Any CPU.ActiveCfg = Debug|Any CPU
		{478D577D-C2BF-41A8-9BC2-1002D6861D4C}.Debug|Any CPU.Build.0 = Debug|Any CPU
		{478D577D-C2BF-41A8-9BC2-1002D6861D4C}.Release|Any CPU.ActiveCfg = Release|Any CPU
		{478D577D-C2BF-41A8-9BC2-1002D6861D4C}.Release|Any CPU.Build.0 = Release|Any CPU
	EndGlobalSection
	GlobalSection(SolutionProperties) = preSolution
		HideSolutionNode = FALSE
	EndGlobalSection
	GlobalSection(ExtensibilityGlobals) = postSolution
		SolutionGuid = {3DA8BDB8-56F3-4CEB-8B55-106E78772C03}
	EndGlobalSection
EndGlobal
