
Microsoft Visual Studio Solution File, Format Version 12.00
# Visual Studio 15
VisualStudioVersion = 15.0.28307.421
MinimumVisualStudioVersion = 10.0.40219.1
Project("{FAE04EC0-301F-11D3-BF4B-00C04F79EFBC}") = "P08-DivisibleBy3", "P08-DivisibleBy3\P08-DivisibleBy3.csproj", "{8BE2F274-6882-4167-A6DC-A61B5C2072F1}"
EndProject
Global
	GlobalSection(SolutionConfigurationPlatforms) = preSolution
		Debug|Any CPU = Debug|Any CPU
		Release|Any CPU = Release|Any CPU
	EndGlobalSection
	GlobalSection(ProjectConfigurationPlatforms) = postSolution
		{8BE2F274-6882-4167-A6DC-A61B5C2072F1}.Debug|Any CPU.ActiveCfg = Debug|Any CPU
		{8BE2F274-6882-4167-A6DC-A61B5C2072F1}.Debug|Any CPU.Build.0 = Debug|Any CPU
		{8BE2F274-6882-4167-A6DC-A61B5C2072F1}.Release|Any CPU.ActiveCfg = Release|Any CPU
		{8BE2F274-6882-4167-A6DC-A61B5C2072F1}.Release|Any CPU.Build.0 = Release|Any CPU
	EndGlobalSection
	GlobalSection(SolutionProperties) = preSolution
		HideSolutionNode = FALSE
	EndGlobalSection
	GlobalSection(ExtensibilityGlobals) = postSolution
		SolutionGuid = {7CAC7A99-9248-4FE0-90BF-6AC857512082}
	EndGlobalSection
EndGlobal
