
Microsoft Visual Studio Solution File, Format Version 12.00
# Visual Studio 15
VisualStudioVersion = 15.0.28307.421
MinimumVisualStudioVersion = 10.0.40219.1
Project("{FAE04EC0-301F-11D3-BF4B-00C04F79EFBC}") = "RoundingNumbers", "RoundingNumbers\RoundingNumbers.csproj", "{50D405E3-0E47-491C-8E25-9457C1D00385}"
EndProject
Global
	GlobalSection(SolutionConfigurationPlatforms) = preSolution
		Debug|Any CPU = Debug|Any CPU
		Release|Any CPU = Release|Any CPU
	EndGlobalSection
	GlobalSection(ProjectConfigurationPlatforms) = postSolution
		{50D405E3-0E47-491C-8E25-9457C1D00385}.Debug|Any CPU.ActiveCfg = Debug|Any CPU
		{50D405E3-0E47-491C-8E25-9457C1D00385}.Debug|Any CPU.Build.0 = Debug|Any CPU
		{50D405E3-0E47-491C-8E25-9457C1D00385}.Release|Any CPU.ActiveCfg = Release|Any CPU
		{50D405E3-0E47-491C-8E25-9457C1D00385}.Release|Any CPU.Build.0 = Release|Any CPU
	EndGlobalSection
	GlobalSection(SolutionProperties) = preSolution
		HideSolutionNode = FALSE
	EndGlobalSection
	GlobalSection(ExtensibilityGlobals) = postSolution
		SolutionGuid = {5C88C191-62BB-467E-8C4F-208B90DD8337}
	EndGlobalSection
EndGlobal
