
Microsoft Visual Studio Solution File, Format Version 12.00
# Visual Studio 15
VisualStudioVersion = 15.0.28307.421
MinimumVisualStudioVersion = 10.0.40219.1
Project("{FAE04EC0-301F-11D3-BF4B-00C04F79EFBC}") = "P05-DigitsLettersAndOther", "P05-DigitsLettersAndOther\P05-DigitsLettersAndOther.csproj", "{6880AC9A-9F17-40E5-969B-1ED0706C0A97}"
EndProject
Global
	GlobalSection(SolutionConfigurationPlatforms) = preSolution
		Debug|Any CPU = Debug|Any CPU
		Release|Any CPU = Release|Any CPU
	EndGlobalSection
	GlobalSection(ProjectConfigurationPlatforms) = postSolution
		{6880AC9A-9F17-40E5-969B-1ED0706C0A97}.Debug|Any CPU.ActiveCfg = Debug|Any CPU
		{6880AC9A-9F17-40E5-969B-1ED0706C0A97}.Debug|Any CPU.Build.0 = Debug|Any CPU
		{6880AC9A-9F17-40E5-969B-1ED0706C0A97}.Release|Any CPU.ActiveCfg = Release|Any CPU
		{6880AC9A-9F17-40E5-969B-1ED0706C0A97}.Release|Any CPU.Build.0 = Release|Any CPU
	EndGlobalSection
	GlobalSection(SolutionProperties) = preSolution
		HideSolutionNode = FALSE
	EndGlobalSection
	GlobalSection(ExtensibilityGlobals) = postSolution
		SolutionGuid = {16A695D4-C0BF-4A6E-9894-FC2DC6B1DC08}
	EndGlobalSection
EndGlobal
