
Microsoft Visual Studio Solution File, Format Version 12.00
# Visual Studio 15
VisualStudioVersion = 15.0.28307.421
MinimumVisualStudioVersion = 10.0.40219.1
Project("{FAE04EC0-301F-11D3-BF4B-00C04F79EFBC}") = "P01-ReverseStrings", "P01-ReverseStrings\P01-ReverseStrings.csproj", "{0FB69F21-D904-4881-AE91-31352A91E328}"
EndProject
Global
	GlobalSection(SolutionConfigurationPlatforms) = preSolution
		Debug|Any CPU = Debug|Any CPU
		Release|Any CPU = Release|Any CPU
	EndGlobalSection
	GlobalSection(ProjectConfigurationPlatforms) = postSolution
		{0FB69F21-D904-4881-AE91-31352A91E328}.Debug|Any CPU.ActiveCfg = Debug|Any CPU
		{0FB69F21-D904-4881-AE91-31352A91E328}.Debug|Any CPU.Build.0 = Debug|Any CPU
		{0FB69F21-D904-4881-AE91-31352A91E328}.Release|Any CPU.ActiveCfg = Release|Any CPU
		{0FB69F21-D904-4881-AE91-31352A91E328}.Release|Any CPU.Build.0 = Release|Any CPU
	EndGlobalSection
	GlobalSection(SolutionProperties) = preSolution
		HideSolutionNode = FALSE
	EndGlobalSection
	GlobalSection(ExtensibilityGlobals) = postSolution
		SolutionGuid = {0865F90A-EBC1-4E03-BE29-4D8F89D15E2B}
	EndGlobalSection
EndGlobal
