
Microsoft Visual Studio Solution File, Format Version 12.00
# Visual Studio 15
VisualStudioVersion = 15.0.28307.421
MinimumVisualStudioVersion = 10.0.40219.1
Project("{FAE04EC0-301F-11D3-BF4B-00C04F79EFBC}") = "P02-CharsToString", "P02-CharsToString\P02-CharsToString.csproj", "{D5B36F1C-82F5-44AB-B56F-EF6845E6DCD0}"
EndProject
Global
	GlobalSection(SolutionConfigurationPlatforms) = preSolution
		Debug|Any CPU = Debug|Any CPU
		Release|Any CPU = Release|Any CPU
	EndGlobalSection
	GlobalSection(ProjectConfigurationPlatforms) = postSolution
		{D5B36F1C-82F5-44AB-B56F-EF6845E6DCD0}.Debug|Any CPU.ActiveCfg = Debug|Any CPU
		{D5B36F1C-82F5-44AB-B56F-EF6845E6DCD0}.Debug|Any CPU.Build.0 = Debug|Any CPU
		{D5B36F1C-82F5-44AB-B56F-EF6845E6DCD0}.Release|Any CPU.ActiveCfg = Release|Any CPU
		{D5B36F1C-82F5-44AB-B56F-EF6845E6DCD0}.Release|Any CPU.Build.0 = Release|Any CPU
	EndGlobalSection
	GlobalSection(SolutionProperties) = preSolution
		HideSolutionNode = FALSE
	EndGlobalSection
	GlobalSection(ExtensibilityGlobals) = postSolution
		SolutionGuid = {457C499A-1866-4730-B77A-FE08807F58AC}
	EndGlobalSection
EndGlobal
