
Microsoft Visual Studio Solution File, Format Version 12.00
# Visual Studio 15
VisualStudioVersion = 15.0.28307.421
MinimumVisualStudioVersion = 10.0.40219.1
Project("{FAE04EC0-301F-11D3-BF4B-00C04F79EFBC}") = "P08-Snowballs", "P08-Snowballs\P08-Snowballs.csproj", "{71D93A6C-EEAB-47EB-B35C-CD953B7DE649}"
EndProject
Global
	GlobalSection(SolutionConfigurationPlatforms) = preSolution
		Debug|Any CPU = Debug|Any CPU
		Release|Any CPU = Release|Any CPU
	EndGlobalSection
	GlobalSection(ProjectConfigurationPlatforms) = postSolution
		{71D93A6C-EEAB-47EB-B35C-CD953B7DE649}.Debug|Any CPU.ActiveCfg = Debug|Any CPU
		{71D93A6C-EEAB-47EB-B35C-CD953B7DE649}.Debug|Any CPU.Build.0 = Debug|Any CPU
		{71D93A6C-EEAB-47EB-B35C-CD953B7DE649}.Release|Any CPU.ActiveCfg = Release|Any CPU
		{71D93A6C-EEAB-47EB-B35C-CD953B7DE649}.Release|Any CPU.Build.0 = Release|Any CPU
	EndGlobalSection
	GlobalSection(SolutionProperties) = preSolution
		HideSolutionNode = FALSE
	EndGlobalSection
	GlobalSection(ExtensibilityGlobals) = postSolution
		SolutionGuid = {E75458BD-1B5D-4B0F-89D3-CC6A677195A0}
	EndGlobalSection
EndGlobal
