
Microsoft Visual Studio Solution File, Format Version 12.00
# Visual Studio 15
VisualStudioVersion = 15.0.28307.421
MinimumVisualStudioVersion = 10.0.40219.1
Project("{FAE04EC0-301F-11D3-BF4B-00C04F79EFBC}") = "P05-ListManipulationBasics", "P05-ListManipulationBasics\P05-ListManipulationBasics.csproj", "{30292786-C6C2-4024-858A-0A58EF881072}"
EndProject
Global
	GlobalSection(SolutionConfigurationPlatforms) = preSolution
		Debug|Any CPU = Debug|Any CPU
		Release|Any CPU = Release|Any CPU
	EndGlobalSection
	GlobalSection(ProjectConfigurationPlatforms) = postSolution
		{30292786-C6C2-4024-858A-0A58EF881072}.Debug|Any CPU.ActiveCfg = Debug|Any CPU
		{30292786-C6C2-4024-858A-0A58EF881072}.Debug|Any CPU.Build.0 = Debug|Any CPU
		{30292786-C6C2-4024-858A-0A58EF881072}.Release|Any CPU.ActiveCfg = Release|Any CPU
		{30292786-C6C2-4024-858A-0A58EF881072}.Release|Any CPU.Build.0 = Release|Any CPU
	EndGlobalSection
	GlobalSection(SolutionProperties) = preSolution
		HideSolutionNode = FALSE
	EndGlobalSection
	GlobalSection(ExtensibilityGlobals) = postSolution
		SolutionGuid = {4E4A6F08-D67B-4D96-A9E9-003A28F28CA2}
	EndGlobalSection
EndGlobal
