
Microsoft Visual Studio Solution File, Format Version 12.00
# Visual Studio 15
VisualStudioVersion = 15.0.28307.421
MinimumVisualStudioVersion = 10.0.40219.1
Project("{FAE04EC0-301F-11D3-BF4B-00C04F79EFBC}") = "P02-CarRace", "P02-CarRace\P02-CarRace.csproj", "{CE363DE8-78FA-43FB-8208-2BB29F704A26}"
EndProject
Global
	GlobalSection(SolutionConfigurationPlatforms) = preSolution
		Debug|Any CPU = Debug|Any CPU
		Release|Any CPU = Release|Any CPU
	EndGlobalSection
	GlobalSection(ProjectConfigurationPlatforms) = postSolution
		{CE363DE8-78FA-43FB-8208-2BB29F704A26}.Debug|Any CPU.ActiveCfg = Debug|Any CPU
		{CE363DE8-78FA-43FB-8208-2BB29F704A26}.Debug|Any CPU.Build.0 = Debug|Any CPU
		{CE363DE8-78FA-43FB-8208-2BB29F704A26}.Release|Any CPU.ActiveCfg = Release|Any CPU
		{CE363DE8-78FA-43FB-8208-2BB29F704A26}.Release|Any CPU.Build.0 = Release|Any CPU
	EndGlobalSection
	GlobalSection(SolutionProperties) = preSolution
		HideSolutionNode = FALSE
	EndGlobalSection
	GlobalSection(ExtensibilityGlobals) = postSolution
		SolutionGuid = {EB2C512E-0037-4BD7-B378-30C1448498D9}
	EndGlobalSection
EndGlobal
