
Microsoft Visual Studio Solution File, Format Version 12.00
# Visual Studio 15
VisualStudioVersion = 15.0.27703.2042
MinimumVisualStudioVersion = 10.0.40219.1
Project("{FAE04EC0-301F-11D3-BF4B-00C04F79EFBC}") = "Triangle of Numbers", "Triangle of Numbers\Triangle of Numbers.csproj", "{3CB985FD-AAB7-4CE5-BC31-D35805F82A22}"
EndProject
Global
	GlobalSection(SolutionConfigurationPlatforms) = preSolution
		Debug|Any CPU = Debug|Any CPU
		Release|Any CPU = Release|Any CPU
	EndGlobalSection
	GlobalSection(ProjectConfigurationPlatforms) = postSolution
		{3CB985FD-AAB7-4CE5-BC31-D35805F82A22}.Debug|Any CPU.ActiveCfg = Debug|Any CPU
		{3CB985FD-AAB7-4CE5-BC31-D35805F82A22}.Debug|Any CPU.Build.0 = Debug|Any CPU
		{3CB985FD-AAB7-4CE5-BC31-D35805F82A22}.Release|Any CPU.ActiveCfg = Release|Any CPU
		{3CB985FD-AAB7-4CE5-BC31-D35805F82A22}.Release|Any CPU.Build.0 = Release|Any CPU
	EndGlobalSection
	GlobalSection(SolutionProperties) = preSolution
		HideSolutionNode = FALSE
	EndGlobalSection
	GlobalSection(ExtensibilityGlobals) = postSolution
		SolutionGuid = {7089B225-D7A5-4F0D-81E3-76333A07FFFD}
	EndGlobalSection
EndGlobal
