
Microsoft Visual Studio Solution File, Format Version 12.00
# Visual Studio 15
VisualStudioVersion = 15.0.28307.421
MinimumVisualStudioVersion = 10.0.40219.1
Project("{FAE04EC0-301F-11D3-BF4B-00C04F79EFBC}") = "ChangeList", "ChangeList\ChangeList.csproj", "{5A4468D8-F433-419C-AFBA-BFAA88DE73E6}"
EndProject
Global
	GlobalSection(SolutionConfigurationPlatforms) = preSolution
		Debug|Any CPU = Debug|Any CPU
		Release|Any CPU = Release|Any CPU
	EndGlobalSection
	GlobalSection(ProjectConfigurationPlatforms) = postSolution
		{5A4468D8-F433-419C-AFBA-BFAA88DE73E6}.Debug|Any CPU.ActiveCfg = Debug|Any CPU
		{5A4468D8-F433-419C-AFBA-BFAA88DE73E6}.Debug|Any CPU.Build.0 = Debug|Any CPU
		{5A4468D8-F433-419C-AFBA-BFAA88DE73E6}.Release|Any CPU.ActiveCfg = Release|Any CPU
		{5A4468D8-F433-419C-AFBA-BFAA88DE73E6}.Release|Any CPU.Build.0 = Release|Any CPU
	EndGlobalSection
	GlobalSection(SolutionProperties) = preSolution
		HideSolutionNode = FALSE
	EndGlobalSection
	GlobalSection(ExtensibilityGlobals) = postSolution
		SolutionGuid = {E37FBB7F-ACBA-41AA-8D44-0F7604CEFB1A}
	EndGlobalSection
EndGlobal
