
Microsoft Visual Studio Solution File, Format Version 12.00
# Visual Studio 15
VisualStudioVersion = 15.0.28307.421
MinimumVisualStudioVersion = 10.0.40219.1
Project("{FAE04EC0-301F-11D3-BF4B-00C04F79EFBC}") = "Students", "Students\Students.csproj", "{78438588-10A6-411A-A572-839D05C22B59}"
EndProject
Global
	GlobalSection(SolutionConfigurationPlatforms) = preSolution
		Debug|Any CPU = Debug|Any CPU
		Release|Any CPU = Release|Any CPU
	EndGlobalSection
	GlobalSection(ProjectConfigurationPlatforms) = postSolution
		{78438588-10A6-411A-A572-839D05C22B59}.Debug|Any CPU.ActiveCfg = Debug|Any CPU
		{78438588-10A6-411A-A572-839D05C22B59}.Debug|Any CPU.Build.0 = Debug|Any CPU
		{78438588-10A6-411A-A572-839D05C22B59}.Release|Any CPU.ActiveCfg = Release|Any CPU
		{78438588-10A6-411A-A572-839D05C22B59}.Release|Any CPU.Build.0 = Release|Any CPU
	EndGlobalSection
	GlobalSection(SolutionProperties) = preSolution
		HideSolutionNode = FALSE
	EndGlobalSection
	GlobalSection(ExtensibilityGlobals) = postSolution
		SolutionGuid = {DB2534E1-BD4B-4360-9062-04EA2E5BF1B0}
	EndGlobalSection
EndGlobal
