
Microsoft Visual Studio Solution File, Format Version 12.00
# Visual Studio 15
VisualStudioVersion = 15.0.28010.2046
MinimumVisualStudioVersion = 10.0.40219.1
Project("{FAE04EC0-301F-11D3-BF4B-00C04F79EFBC}") = "Pokemon-Don't-Go", "Pokemon-Don't-Go\Pokemon-Don't-Go.csproj", "{B8A060ED-C468-4D7D-B070-8DACB3CF811C}"
EndProject
Global
	GlobalSection(SolutionConfigurationPlatforms) = preSolution
		Debug|Any CPU = Debug|Any CPU
		Release|Any CPU = Release|Any CPU
	EndGlobalSection
	GlobalSection(ProjectConfigurationPlatforms) = postSolution
		{B8A060ED-C468-4D7D-B070-8DACB3CF811C}.Debug|Any CPU.ActiveCfg = Debug|Any CPU
		{B8A060ED-C468-4D7D-B070-8DACB3CF811C}.Debug|Any CPU.Build.0 = Debug|Any CPU
		{B8A060ED-C468-4D7D-B070-8DACB3CF811C}.Release|Any CPU.ActiveCfg = Release|Any CPU
		{B8A060ED-C468-4D7D-B070-8DACB3CF811C}.Release|Any CPU.Build.0 = Release|Any CPU
	EndGlobalSection
	GlobalSection(SolutionProperties) = preSolution
		HideSolutionNode = FALSE
	EndGlobalSection
	GlobalSection(ExtensibilityGlobals) = postSolution
		SolutionGuid = {FA9FCCD9-A921-4376-AA86-F0E4ACFC32E0}
	EndGlobalSection
EndGlobal
