
Microsoft Visual Studio Solution File, Format Version 12.00
# Visual Studio 15
VisualStudioVersion = 15.0.27703.2042
MinimumVisualStudioVersion = 10.0.40219.1
Project("{FAE04EC0-301F-11D3-BF4B-00C04F79EFBC}") = "Vending Machine", "Vending Machine\Vending Machine.csproj", "{127949E5-C9E9-4957-8BAF-BBF70FE07DAD}"
EndProject
Global
	GlobalSection(SolutionConfigurationPlatforms) = preSolution
		Debug|Any CPU = Debug|Any CPU
		Release|Any CPU = Release|Any CPU
	EndGlobalSection
	GlobalSection(ProjectConfigurationPlatforms) = postSolution
		{127949E5-C9E9-4957-8BAF-BBF70FE07DAD}.Debug|Any CPU.ActiveCfg = Debug|Any CPU
		{127949E5-C9E9-4957-8BAF-BBF70FE07DAD}.Debug|Any CPU.Build.0 = Debug|Any CPU
		{127949E5-C9E9-4957-8BAF-BBF70FE07DAD}.Release|Any CPU.ActiveCfg = Release|Any CPU
		{127949E5-C9E9-4957-8BAF-BBF70FE07DAD}.Release|Any CPU.Build.0 = Release|Any CPU
	EndGlobalSection
	GlobalSection(SolutionProperties) = preSolution
		HideSolutionNode = FALSE
	EndGlobalSection
	GlobalSection(ExtensibilityGlobals) = postSolution
		SolutionGuid = {01B5A327-7ED2-4580-A190-E1C9D2CB2B00}
	EndGlobalSection
EndGlobal
