
Microsoft Visual Studio Solution File, Format Version 12.00
# Visual Studio 15
VisualStudioVersion = 15.0.28307.421
MinimumVisualStudioVersion = 10.0.40219.1
Project("{FAE04EC0-301F-11D3-BF4B-00C04F79EFBC}") = "P03-MatchDates", "P03-MatchDates\P03-MatchDates.csproj", "{A15E1B64-C357-4110-905A-3177E89AB53F}"
EndProject
Global
	GlobalSection(SolutionConfigurationPlatforms) = preSolution
		Debug|Any CPU = Debug|Any CPU
		Release|Any CPU = Release|Any CPU
	EndGlobalSection
	GlobalSection(ProjectConfigurationPlatforms) = postSolution
		{A15E1B64-C357-4110-905A-3177E89AB53F}.Debug|Any CPU.ActiveCfg = Debug|Any CPU
		{A15E1B64-C357-4110-905A-3177E89AB53F}.Debug|Any CPU.Build.0 = Debug|Any CPU
		{A15E1B64-C357-4110-905A-3177E89AB53F}.Release|Any CPU.ActiveCfg = Release|Any CPU
		{A15E1B64-C357-4110-905A-3177E89AB53F}.Release|Any CPU.Build.0 = Release|Any CPU
	EndGlobalSection
	GlobalSection(SolutionProperties) = preSolution
		HideSolutionNode = FALSE
	EndGlobalSection
	GlobalSection(ExtensibilityGlobals) = postSolution
		SolutionGuid = {63FFBE8A-48AD-4F49-96B9-778A5B71049C}
	EndGlobalSection
EndGlobal
