
Microsoft Visual Studio Solution File, Format Version 12.00
# Visual Studio 15
VisualStudioVersion = 15.0.28307.421
MinimumVisualStudioVersion = 10.0.40219.1
Project("{FAE04EC0-301F-11D3-BF4B-00C04F79EFBC}") = "P05-PoundsToDollars", "P05-PoundsToDollars\P05-PoundsToDollars.csproj", "{09D5483B-3D80-41AC-A685-284D53FEC807}"
EndProject
Global
	GlobalSection(SolutionConfigurationPlatforms) = preSolution
		Debug|Any CPU = Debug|Any CPU
		Release|Any CPU = Release|Any CPU
	EndGlobalSection
	GlobalSection(ProjectConfigurationPlatforms) = postSolution
		{09D5483B-3D80-41AC-A685-284D53FEC807}.Debug|Any CPU.ActiveCfg = Debug|Any CPU
		{09D5483B-3D80-41AC-A685-284D53FEC807}.Debug|Any CPU.Build.0 = Debug|Any CPU
		{09D5483B-3D80-41AC-A685-284D53FEC807}.Release|Any CPU.ActiveCfg = Release|Any CPU
		{09D5483B-3D80-41AC-A685-284D53FEC807}.Release|Any CPU.Build.0 = Release|Any CPU
	EndGlobalSection
	GlobalSection(SolutionProperties) = preSolution
		HideSolutionNode = FALSE
	EndGlobalSection
	GlobalSection(ExtensibilityGlobals) = postSolution
		SolutionGuid = {20489331-D67C-4E18-ABC1-011854AF1452}
	EndGlobalSection
EndGlobal
