
Microsoft Visual Studio Solution File, Format Version 12.00
# Visual Studio 15
VisualStudioVersion = 15.0.28010.2046
MinimumVisualStudioVersion = 10.0.40219.1
Project("{FAE04EC0-301F-11D3-BF4B-00C04F79EFBC}") = "HTML-Parser", "HTML-Parser\HTML-Parser.csproj", "{D12E3953-5138-478E-B13C-F5328842F7FD}"
EndProject
Global
	GlobalSection(SolutionConfigurationPlatforms) = preSolution
		Debug|Any CPU = Debug|Any CPU
		Release|Any CPU = Release|Any CPU
	EndGlobalSection
	GlobalSection(ProjectConfigurationPlatforms) = postSolution
		{D12E3953-5138-478E-B13C-F5328842F7FD}.Debug|Any CPU.ActiveCfg = Debug|Any CPU
		{D12E3953-5138-478E-B13C-F5328842F7FD}.Debug|Any CPU.Build.0 = Debug|Any CPU
		{D12E3953-5138-478E-B13C-F5328842F7FD}.Release|Any CPU.ActiveCfg = Release|Any CPU
		{D12E3953-5138-478E-B13C-F5328842F7FD}.Release|Any CPU.Build.0 = Release|Any CPU
	EndGlobalSection
	GlobalSection(SolutionProperties) = preSolution
		HideSolutionNode = FALSE
	EndGlobalSection
	GlobalSection(ExtensibilityGlobals) = postSolution
		SolutionGuid = {54D844F9-C42A-4137-860B-A3EBC0A17C12}
	EndGlobalSection
EndGlobal
