
Microsoft Visual Studio Solution File, Format Version 12.00
# Visual Studio 15
VisualStudioVersion = 15.0.28010.2046
MinimumVisualStudioVersion = 10.0.40219.1
Project("{FAE04EC0-301F-11D3-BF4B-00C04F79EFBC}") = "Top-Int", "Top-Int\Top-Int.csproj", "{ADF71457-764B-4A91-B0D6-1A6E3DA938F7}"
EndProject
Global
	GlobalSection(SolutionConfigurationPlatforms) = preSolution
		Debug|Any CPU = Debug|Any CPU
		Release|Any CPU = Release|Any CPU
	EndGlobalSection
	GlobalSection(ProjectConfigurationPlatforms) = postSolution
		{ADF71457-764B-4A91-B0D6-1A6E3DA938F7}.Debug|Any CPU.ActiveCfg = Debug|Any CPU
		{ADF71457-764B-4A91-B0D6-1A6E3DA938F7}.Debug|Any CPU.Build.0 = Debug|Any CPU
		{ADF71457-764B-4A91-B0D6-1A6E3DA938F7}.Release|Any CPU.ActiveCfg = Release|Any CPU
		{ADF71457-764B-4A91-B0D6-1A6E3DA938F7}.Release|Any CPU.Build.0 = Release|Any CPU
	EndGlobalSection
	GlobalSection(SolutionProperties) = preSolution
		HideSolutionNode = FALSE
	EndGlobalSection
	GlobalSection(ExtensibilityGlobals) = postSolution
		SolutionGuid = {D8407DE6-DC87-4CEB-A710-3076CD7DB75E}
	EndGlobalSection
EndGlobal
