
Microsoft Visual Studio Solution File, Format Version 12.00
# Visual Studio 15
VisualStudioVersion = 15.0.28307.421
MinimumVisualStudioVersion = 10.0.40219.1
Project("{FAE04EC0-301F-11D3-BF4B-00C04F79EFBC}") = "P09-PokeMon", "P09-PokeMon\P09-PokeMon.csproj", "{96C15F67-5A50-455A-AF85-64C744038CDC}"
EndProject
Global
	GlobalSection(SolutionConfigurationPlatforms) = preSolution
		Debug|Any CPU = Debug|Any CPU
		Release|Any CPU = Release|Any CPU
	EndGlobalSection
	GlobalSection(ProjectConfigurationPlatforms) = postSolution
		{96C15F67-5A50-455A-AF85-64C744038CDC}.Debug|Any CPU.ActiveCfg = Debug|Any CPU
		{96C15F67-5A50-455A-AF85-64C744038CDC}.Debug|Any CPU.Build.0 = Debug|Any CPU
		{96C15F67-5A50-455A-AF85-64C744038CDC}.Release|Any CPU.ActiveCfg = Release|Any CPU
		{96C15F67-5A50-455A-AF85-64C744038CDC}.Release|Any CPU.Build.0 = Release|Any CPU
	EndGlobalSection
	GlobalSection(SolutionProperties) = preSolution
		HideSolutionNode = FALSE
	EndGlobalSection
	GlobalSection(ExtensibilityGlobals) = postSolution
		SolutionGuid = {E764E192-C9E0-4293-85EF-F7B26F1CCFBF}
	EndGlobalSection
EndGlobal
