
Microsoft Visual Studio Solution File, Format Version 12.00
# Visual Studio 15
VisualStudioVersion = 15.0.28010.2046
MinimumVisualStudioVersion = 10.0.40219.1
Project("{FAE04EC0-301F-11D3-BF4B-00C04F79EFBC}") = "Student-Academy", "Student-Academy\Student-Academy.csproj", "{BCF50A80-607B-4111-9102-D61914BFA610}"
EndProject
Global
	GlobalSection(SolutionConfigurationPlatforms) = preSolution
		Debug|Any CPU = Debug|Any CPU
		Release|Any CPU = Release|Any CPU
	EndGlobalSection
	GlobalSection(ProjectConfigurationPlatforms) = postSolution
		{BCF50A80-607B-4111-9102-D61914BFA610}.Debug|Any CPU.ActiveCfg = Debug|Any CPU
		{BCF50A80-607B-4111-9102-D61914BFA610}.Debug|Any CPU.Build.0 = Debug|Any CPU
		{BCF50A80-607B-4111-9102-D61914BFA610}.Release|Any CPU.ActiveCfg = Release|Any CPU
		{BCF50A80-607B-4111-9102-D61914BFA610}.Release|Any CPU.Build.0 = Release|Any CPU
	EndGlobalSection
	GlobalSection(SolutionProperties) = preSolution
		HideSolutionNode = FALSE
	EndGlobalSection
	GlobalSection(ExtensibilityGlobals) = postSolution
		SolutionGuid = {60A7856D-208F-44E6-8D00-55DE566E9E1C}
	EndGlobalSection
EndGlobal
