
Microsoft Visual Studio Solution File, Format Version 12.00
# Visual Studio 15
VisualStudioVersion = 15.0.28307.421
MinimumVisualStudioVersion = 10.0.40219.1
Project("{FAE04EC0-301F-11D3-BF4B-00C04F79EFBC}") = "P05-Messages", "P05-Messages\P05-Messages.csproj", "{F024DAB5-8549-4A74-A041-F54802272EB4}"
EndProject
Global
	GlobalSection(SolutionConfigurationPlatforms) = preSolution
		Debug|Any CPU = Debug|Any CPU
		Release|Any CPU = Release|Any CPU
	EndGlobalSection
	GlobalSection(ProjectConfigurationPlatforms) = postSolution
		{F024DAB5-8549-4A74-A041-F54802272EB4}.Debug|Any CPU.ActiveCfg = Debug|Any CPU
		{F024DAB5-8549-4A74-A041-F54802272EB4}.Debug|Any CPU.Build.0 = Debug|Any CPU
		{F024DAB5-8549-4A74-A041-F54802272EB4}.Release|Any CPU.ActiveCfg = Release|Any CPU
		{F024DAB5-8549-4A74-A041-F54802272EB4}.Release|Any CPU.Build.0 = Release|Any CPU
	EndGlobalSection
	GlobalSection(SolutionProperties) = preSolution
		HideSolutionNode = FALSE
	EndGlobalSection
	GlobalSection(ExtensibilityGlobals) = postSolution
		SolutionGuid = {E9CEA3C5-2A26-4322-BDAD-94FDE5259950}
	EndGlobalSection
EndGlobal
